// !$*UTF8*$!
{
	archiveVersion = 1;
	classes = {
	};
	objectVersion = 46;
	objects = {

/* Begin PBXBuildFile section */
		C4AA047618A4371D00E3AC64 /* Foundation.framework in Frameworks */ = {isa = PBXBuildFile; fileRef = C4AA047518A4371D00E3AC64 /* Foundation.framework */; };
		C4AA047818A4371D00E3AC64 /* CoreGraphics.framework in Frameworks */ = {isa = PBXBuildFile; fileRef = C4AA047718A4371D00E3AC64 /* CoreGraphics.framework */; };
		C4AA047A18A4371D00E3AC64 /* UIKit.framework in Frameworks */ = {isa = PBXBuildFile; fileRef = C4AA047918A4371D00E3AC64 /* UIKit.framework */; };
		C4AA048018A4371D00E3AC64 /* InfoPlist.strings in Resources */ = {isa = PBXBuildFile; fileRef = C4AA047E18A4371D00E3AC64 /* InfoPlist.strings */; };
		C4AA048218A4371D00E3AC64 /* main.m in Sources */ = {isa = PBXBuildFile; fileRef = C4AA048118A4371D00E3AC64 /* main.m */; };
		C4AA048618A4371D00E3AC64 /* DKAppDelegate.m in Sources */ = {isa = PBXBuildFile; fileRef = C4AA048518A4371D00E3AC64 /* DKAppDelegate.m */; };
		C4AA049818A4371D00E3AC64 /* XCTest.framework in Frameworks */ = {isa = PBXBuildFile; fileRef = C4AA049718A4371D00E3AC64 /* XCTest.framework */; };
		C4AA049918A4371D00E3AC64 /* Foundation.framework in Frameworks */ = {isa = PBXBuildFile; fileRef = C4AA047518A4371D00E3AC64 /* Foundation.framework */; };
		C4AA049A18A4371D00E3AC64 /* UIKit.framework in Frameworks */ = {isa = PBXBuildFile; fileRef = C4AA047918A4371D00E3AC64 /* UIKit.framework */; };
		C4AA04A218A4371D00E3AC64 /* InfoPlist.strings in Resources */ = {isa = PBXBuildFile; fileRef = C4AA04A018A4371D00E3AC64 /* InfoPlist.strings */; };
		C4AA04A418A4371D00E3AC64 /* WestpacFeederTests.m in Sources */ = {isa = PBXBuildFile; fileRef = C4AA04A318A4371D00E3AC64 /* WestpacFeederTests.m */; };
		C4AA050218A4814200E3AC64 /* DKListViewController.m in Sources */ = {isa = PBXBuildFile; fileRef = C4AA050118A4814200E3AC64 /* DKListViewController.m */; };
		C4B93D8A18A48A8C001288C0 /* MainWindow.xib in Resources */ = {isa = PBXBuildFile; fileRef = C4B93D8918A48A8C001288C0 /* MainWindow.xib */; };
		C4B93D8B18A48A8C001288C0 /* MainWindow.xib in Resources */ = {isa = PBXBuildFile; fileRef = C4B93D8918A48A8C001288C0 /* MainWindow.xib */; };
		C4CA569D18A48CBC001B9B5B /* CFNetwork.framework in Frameworks */ = {isa = PBXBuildFile; fileRef = C4CA569C18A48CBC001B9B5B /* CFNetwork.framework */; };
		C4CA56A118A48D22001B9B5B /* News.m in Sources */ = {isa = PBXBuildFile; fileRef = C4CA56A018A48D22001B9B5B /* News.m */; };
		C4CA56A218A48D22001B9B5B /* News.m in Sources */ = {isa = PBXBuildFile; fileRef = C4CA56A018A48D22001B9B5B /* News.m */; };
		C4CA56A618A48E94001B9B5B /* DKAPIManager.m in Sources */ = {isa = PBXBuildFile; fileRef = C4CA56A518A48E94001B9B5B /* DKAPIManager.m */; };
		C4CA56A718A48E94001B9B5B /* DKAPIManager.m in Sources */ = {isa = PBXBuildFile; fileRef = C4CA56A518A48E94001B9B5B /* DKAPIManager.m */; };
		C4CA56BC18A48F44001B9B5B /* AFHTTPClient.m in Sources */ = {isa = PBXBuildFile; fileRef = C4CA56AA18A48F44001B9B5B /* AFHTTPClient.m */; settings = {COMPILER_FLAGS = "-fobjc-arc "; }; };
		C4CA56BD18A48F44001B9B5B /* AFHTTPClient.m in Sources */ = {isa = PBXBuildFile; fileRef = C4CA56AA18A48F44001B9B5B /* AFHTTPClient.m */; };
		C4CA56BE18A48F44001B9B5B /* AFHTTPRequestOperation.m in Sources */ = {isa = PBXBuildFile; fileRef = C4CA56AC18A48F44001B9B5B /* AFHTTPRequestOperation.m */; settings = {COMPILER_FLAGS = "-fobjc-arc "; }; };
		C4CA56BF18A48F44001B9B5B /* AFHTTPRequestOperation.m in Sources */ = {isa = PBXBuildFile; fileRef = C4CA56AC18A48F44001B9B5B /* AFHTTPRequestOperation.m */; };
		C4CA56C018A48F44001B9B5B /* AFImageRequestOperation.m in Sources */ = {isa = PBXBuildFile; fileRef = C4CA56AE18A48F44001B9B5B /* AFImageRequestOperation.m */; settings = {COMPILER_FLAGS = "-fobjc-arc "; }; };
		C4CA56C118A48F44001B9B5B /* AFImageRequestOperation.m in Sources */ = {isa = PBXBuildFile; fileRef = C4CA56AE18A48F44001B9B5B /* AFImageRequestOperation.m */; };
		C4CA56C218A48F44001B9B5B /* AFJSONRequestOperation.m in Sources */ = {isa = PBXBuildFile; fileRef = C4CA56B018A48F44001B9B5B /* AFJSONRequestOperation.m */; settings = {COMPILER_FLAGS = "-fobjc-arc "; }; };
		C4CA56C318A48F44001B9B5B /* AFJSONRequestOperation.m in Sources */ = {isa = PBXBuildFile; fileRef = C4CA56B018A48F44001B9B5B /* AFJSONRequestOperation.m */; };
		C4CA56C418A48F44001B9B5B /* AFNetworkActivityIndicatorManager.m in Sources */ = {isa = PBXBuildFile; fileRef = C4CA56B218A48F44001B9B5B /* AFNetworkActivityIndicatorManager.m */; settings = {COMPILER_FLAGS = "-fobjc-arc "; }; };
		C4CA56C518A48F44001B9B5B /* AFNetworkActivityIndicatorManager.m in Sources */ = {isa = PBXBuildFile; fileRef = C4CA56B218A48F44001B9B5B /* AFNetworkActivityIndicatorManager.m */; };
		C4CA56C618A48F44001B9B5B /* AFPropertyListRequestOperation.m in Sources */ = {isa = PBXBuildFile; fileRef = C4CA56B518A48F44001B9B5B /* AFPropertyListRequestOperation.m */; settings = {COMPILER_FLAGS = "-fobjc-arc "; }; };
		C4CA56C718A48F44001B9B5B /* AFPropertyListRequestOperation.m in Sources */ = {isa = PBXBuildFile; fileRef = C4CA56B518A48F44001B9B5B /* AFPropertyListRequestOperation.m */; };
		C4CA56C818A48F44001B9B5B /* AFURLConnectionOperation.m in Sources */ = {isa = PBXBuildFile; fileRef = C4CA56B718A48F44001B9B5B /* AFURLConnectionOperation.m */; settings = {COMPILER_FLAGS = "-fobjc-arc "; }; };
		C4CA56C918A48F44001B9B5B /* AFURLConnectionOperation.m in Sources */ = {isa = PBXBuildFile; fileRef = C4CA56B718A48F44001B9B5B /* AFURLConnectionOperation.m */; };
		C4CA56CA18A48F44001B9B5B /* AFXMLRequestOperation.m in Sources */ = {isa = PBXBuildFile; fileRef = C4CA56B918A48F44001B9B5B /* AFXMLRequestOperation.m */; settings = {COMPILER_FLAGS = "-fobjc-arc "; }; };
		C4CA56CB18A48F44001B9B5B /* AFXMLRequestOperation.m in Sources */ = {isa = PBXBuildFile; fileRef = C4CA56B918A48F44001B9B5B /* AFXMLRequestOperation.m */; };
		C4CA56CC18A48F44001B9B5B /* UIImageView+AFNetworking.m in Sources */ = {isa = PBXBuildFile; fileRef = C4CA56BB18A48F44001B9B5B /* UIImageView+AFNetworking.m */; settings = {COMPILER_FLAGS = "-fobjc-arc "; }; };
		C4CA56CD18A48F44001B9B5B /* UIImageView+AFNetworking.m in Sources */ = {isa = PBXBuildFile; fileRef = C4CA56BB18A48F44001B9B5B /* UIImageView+AFNetworking.m */; };
		C4CA56D018A490EE001B9B5B /* DKThumbnailDownloader.m in Sources */ = {isa = PBXBuildFile; fileRef = C4CA56CF18A490EE001B9B5B /* DKThumbnailDownloader.m */; };
		C4CA56D118A490EE001B9B5B /* DKThumbnailDownloader.m in Sources */ = {isa = PBXBuildFile; fileRef = C4CA56CF18A490EE001B9B5B /* DKThumbnailDownloader.m */; };
		C4CA56D518A49316001B9B5B /* Reachability.m in Sources */ = {isa = PBXBuildFile; fileRef = C4CA56D418A49316001B9B5B /* Reachability.m */; };
		C4CA56D618A49316001B9B5B /* Reachability.m in Sources */ = {isa = PBXBuildFile; fileRef = C4CA56D418A49316001B9B5B /* Reachability.m */; };
		C4CA56D818A499A3001B9B5B /* MobileCoreServices.framework in Frameworks */ = {isa = PBXBuildFile; fileRef = C4CA56D718A499A3001B9B5B /* MobileCoreServices.framework */; };
		C4CA56DA18A499B7001B9B5B /* libsqlite3.0.dylib in Frameworks */ = {isa = PBXBuildFile; fileRef = C4CA56D918A499B7001B9B5B /* libsqlite3.0.dylib */; };
		C4CA56DC18A499C0001B9B5B /* libz.1.1.3.dylib in Frameworks */ = {isa = PBXBuildFile; fileRef = C4CA56DB18A499C0001B9B5B /* libz.1.1.3.dylib */; };
		C4CA56DE18A499CE001B9B5B /* Security.framework in Frameworks */ = {isa = PBXBuildFile; fileRef = C4CA56DD18A499CE001B9B5B /* Security.framework */; };
		C4CA56E018A499E0001B9B5B /* ImageIO.framework in Frameworks */ = {isa = PBXBuildFile; fileRef = C4CA56DF18A499E0001B9B5B /* ImageIO.framework */; };
/* End PBXBuildFile section */

/* Begin PBXContainerItemProxy section */
		C4AA049B18A4371D00E3AC64 /* PBXContainerItemProxy */ = {
			isa = PBXContainerItemProxy;
			containerPortal = C4AA046A18A4371D00E3AC64 /* Project object */;
			proxyType = 1;
			remoteGlobalIDString = C4AA047118A4371D00E3AC64;
			remoteInfo = WestpacFeeder;
		};
/* End PBXContainerItemProxy section */

/* Begin PBXFileReference section */
		C4AA047218A4371D00E3AC64 /* WestpacFeeder.app */ = {isa = PBXFileReference; explicitFileType = wrapper.application; includeInIndex = 0; path = WestpacFeeder.app; sourceTree = BUILT_PRODUCTS_DIR; };
		C4AA047518A4371D00E3AC64 /* Foundation.framework */ = {isa = PBXFileReference; lastKnownFileType = wrapper.framework; name = Foundation.framework; path = System/Library/Frameworks/Foundation.framework; sourceTree = SDKROOT; };
		C4AA047718A4371D00E3AC64 /* CoreGraphics.framework */ = {isa = PBXFileReference; lastKnownFileType = wrapper.framework; name = CoreGraphics.framework; path = System/Library/Frameworks/CoreGraphics.framework; sourceTree = SDKROOT; };
		C4AA047918A4371D00E3AC64 /* UIKit.framework */ = {isa = PBXFileReference; lastKnownFileType = wrapper.framework; name = UIKit.framework; path = System/Library/Frameworks/UIKit.framework; sourceTree = SDKROOT; };
		C4AA047D18A4371D00E3AC64 /* WestpacFeeder-Info.plist */ = {isa = PBXFileReference; lastKnownFileType = text.plist.xml; path = "WestpacFeeder-Info.plist"; sourceTree = "<group>"; };
		C4AA047F18A4371D00E3AC64 /* en */ = {isa = PBXFileReference; lastKnownFileType = text.plist.strings; name = en; path = en.lproj/InfoPlist.strings; sourceTree = "<group>"; };
		C4AA048118A4371D00E3AC64 /* main.m */ = {isa = PBXFileReference; lastKnownFileType = sourcecode.c.objc; path = main.m; sourceTree = "<group>"; };
		C4AA048318A4371D00E3AC64 /* WestpacFeeder-Prefix.pch */ = {isa = PBXFileReference; lastKnownFileType = sourcecode.c.h; path = "WestpacFeeder-Prefix.pch"; sourceTree = "<group>"; };
		C4AA048418A4371D00E3AC64 /* DKAppDelegate.h */ = {isa = PBXFileReference; lastKnownFileType = sourcecode.c.h; path = DKAppDelegate.h; sourceTree = "<group>"; };
		C4AA048518A4371D00E3AC64 /* DKAppDelegate.m */ = {isa = PBXFileReference; lastKnownFileType = sourcecode.c.objc; path = DKAppDelegate.m; sourceTree = "<group>"; };
		C4AA049618A4371D00E3AC64 /* WestpacFeederTests.xctest */ = {isa = PBXFileReference; explicitFileType = wrapper.cfbundle; includeInIndex = 0; path = WestpacFeederTests.xctest; sourceTree = BUILT_PRODUCTS_DIR; };
		C4AA049718A4371D00E3AC64 /* XCTest.framework */ = {isa = PBXFileReference; lastKnownFileType = wrapper.framework; name = XCTest.framework; path = Library/Frameworks/XCTest.framework; sourceTree = DEVELOPER_DIR; };
		C4AA049F18A4371D00E3AC64 /* WestpacFeederTests-Info.plist */ = {isa = PBXFileReference; lastKnownFileType = text.plist.xml; path = "WestpacFeederTests-Info.plist"; sourceTree = "<group>"; };
		C4AA04A118A4371D00E3AC64 /* en */ = {isa = PBXFileReference; lastKnownFileType = text.plist.strings; name = en; path = en.lproj/InfoPlist.strings; sourceTree = "<group>"; };
		C4AA04A318A4371D00E3AC64 /* WestpacFeederTests.m */ = {isa = PBXFileReference; lastKnownFileType = sourcecode.c.objc; path = WestpacFeederTests.m; sourceTree = "<group>"; };
		C4AA050018A4814200E3AC64 /* DKListViewController.h */ = {isa = PBXFileReference; fileEncoding = 4; lastKnownFileType = sourcecode.c.h; path = DKListViewController.h; sourceTree = "<group>"; };
		C4AA050118A4814200E3AC64 /* DKListViewController.m */ = {isa = PBXFileReference; fileEncoding = 4; lastKnownFileType = sourcecode.c.objc; path = DKListViewController.m; sourceTree = "<group>"; };
		C4B93D8918A48A8C001288C0 /* MainWindow.xib */ = {isa = PBXFileReference; fileEncoding = 4; lastKnownFileType = file.xib; path = MainWindow.xib; sourceTree = SOURCE_ROOT; };
		C4CA569B18A48BCF001B9B5B /* DKConstants.h */ = {isa = PBXFileReference; fileEncoding = 4; lastKnownFileType = sourcecode.c.h; path = DKConstants.h; sourceTree = SOURCE_ROOT; };
		C4CA569C18A48CBC001B9B5B /* CFNetwork.framework */ = {isa = PBXFileReference; lastKnownFileType = wrapper.framework; name = CFNetwork.framework; path = System/Library/Frameworks/CFNetwork.framework; sourceTree = SDKROOT; };
		C4CA569F18A48D22001B9B5B /* News.h */ = {isa = PBXFileReference; fileEncoding = 4; lastKnownFileType = sourcecode.c.h; path = News.h; sourceTree = "<group>"; };
		C4CA56A018A48D22001B9B5B /* News.m */ = {isa = PBXFileReference; fileEncoding = 4; lastKnownFileType = sourcecode.c.objc; path = News.m; sourceTree = "<group>"; };
		C4CA56A418A48E94001B9B5B /* DKAPIManager.h */ = {isa = PBXFileReference; fileEncoding = 4; lastKnownFileType = sourcecode.c.h; path = DKAPIManager.h; sourceTree = "<group>"; };
		C4CA56A518A48E94001B9B5B /* DKAPIManager.m */ = {isa = PBXFileReference; fileEncoding = 4; lastKnownFileType = sourcecode.c.objc; path = DKAPIManager.m; sourceTree = "<group>"; };
		C4CA56A918A48F44001B9B5B /* AFHTTPClient.h */ = {isa = PBXFileReference; fileEncoding = 4; lastKnownFileType = sourcecode.c.h; path = AFHTTPClient.h; sourceTree = "<group>"; };
		C4CA56AA18A48F44001B9B5B /* AFHTTPClient.m */ = {isa = PBXFileReference; fileEncoding = 4; lastKnownFileType = sourcecode.c.objc; path = AFHTTPClient.m; sourceTree = "<group>"; };
		C4CA56AB18A48F44001B9B5B /* AFHTTPRequestOperation.h */ = {isa = PBXFileReference; fileEncoding = 4; lastKnownFileType = sourcecode.c.h; path = AFHTTPRequestOperation.h; sourceTree = "<group>"; };
		C4CA56AC18A48F44001B9B5B /* AFHTTPRequestOperation.m */ = {isa = PBXFileReference; fileEncoding = 4; lastKnownFileType = sourcecode.c.objc; path = AFHTTPRequestOperation.m; sourceTree = "<group>"; };
		C4CA56AD18A48F44001B9B5B /* AFImageRequestOperation.h */ = {isa = PBXFileReference; fileEncoding = 4; lastKnownFileType = sourcecode.c.h; path = AFImageRequestOperation.h; sourceTree = "<group>"; };
		C4CA56AE18A48F44001B9B5B /* AFImageRequestOperation.m */ = {isa = PBXFileReference; fileEncoding = 4; lastKnownFileType = sourcecode.c.objc; path = AFImageRequestOperation.m; sourceTree = "<group>"; };
		C4CA56AF18A48F44001B9B5B /* AFJSONRequestOperation.h */ = {isa = PBXFileReference; fileEncoding = 4; lastKnownFileType = sourcecode.c.h; path = AFJSONRequestOperation.h; sourceTree = "<group>"; };
		C4CA56B018A48F44001B9B5B /* AFJSONRequestOperation.m */ = {isa = PBXFileReference; fileEncoding = 4; lastKnownFileType = sourcecode.c.objc; path = AFJSONRequestOperation.m; sourceTree = "<group>"; };
		C4CA56B118A48F44001B9B5B /* AFNetworkActivityIndicatorManager.h */ = {isa = PBXFileReference; fileEncoding = 4; lastKnownFileType = sourcecode.c.h; path = AFNetworkActivityIndicatorManager.h; sourceTree = "<group>"; };
		C4CA56B218A48F44001B9B5B /* AFNetworkActivityIndicatorManager.m */ = {isa = PBXFileReference; fileEncoding = 4; lastKnownFileType = sourcecode.c.objc; path = AFNetworkActivityIndicatorManager.m; sourceTree = "<group>"; };
		C4CA56B318A48F44001B9B5B /* AFNetworking.h */ = {isa = PBXFileReference; fileEncoding = 4; lastKnownFileType = sourcecode.c.h; path = AFNetworking.h; sourceTree = "<group>"; };
		C4CA56B418A48F44001B9B5B /* AFPropertyListRequestOperation.h */ = {isa = PBXFileReference; fileEncoding = 4; lastKnownFileType = sourcecode.c.h; path = AFPropertyListRequestOperation.h; sourceTree = "<group>"; };
		C4CA56B518A48F44001B9B5B /* AFPropertyListRequestOperation.m */ = {isa = PBXFileReference; fileEncoding = 4; lastKnownFileType = sourcecode.c.objc; path = AFPropertyListRequestOperation.m; sourceTree = "<group>"; };
		C4CA56B618A48F44001B9B5B /* AFURLConnectionOperation.h */ = {isa = PBXFileReference; fileEncoding = 4; lastKnownFileType = sourcecode.c.h; path = AFURLConnectionOperation.h; sourceTree = "<group>"; };
		C4CA56B718A48F44001B9B5B /* AFURLConnectionOperation.m */ = {isa = PBXFileReference; fileEncoding = 4; lastKnownFileType = sourcecode.c.objc; path = AFURLConnectionOperation.m; sourceTree = "<group>"; };
		C4CA56B818A48F44001B9B5B /* AFXMLRequestOperation.h */ = {isa = PBXFileReference; fileEncoding = 4; lastKnownFileType = sourcecode.c.h; path = AFXMLRequestOperation.h; sourceTree = "<group>"; };
		C4CA56B918A48F44001B9B5B /* AFXMLRequestOperation.m */ = {isa = PBXFileReference; fileEncoding = 4; lastKnownFileType = sourcecode.c.objc; path = AFXMLRequestOperation.m; sourceTree = "<group>"; };
		C4CA56BA18A48F44001B9B5B /* UIImageView+AFNetworking.h */ = {isa = PBXFileReference; fileEncoding = 4; lastKnownFileType = sourcecode.c.h; path = "UIImageView+AFNetworking.h"; sourceTree = "<group>"; };
		C4CA56BB18A48F44001B9B5B /* UIImageView+AFNetworking.m */ = {isa = PBXFileReference; fileEncoding = 4; lastKnownFileType = sourcecode.c.objc; path = "UIImageView+AFNetworking.m"; sourceTree = "<group>"; };
		C4CA56CE18A490EE001B9B5B /* DKThumbnailDownloader.h */ = {isa = PBXFileReference; fileEncoding = 4; lastKnownFileType = sourcecode.c.h; path = DKThumbnailDownloader.h; sourceTree = "<group>"; };
		C4CA56CF18A490EE001B9B5B /* DKThumbnailDownloader.m */ = {isa = PBXFileReference; fileEncoding = 4; lastKnownFileType = sourcecode.c.objc; path = DKThumbnailDownloader.m; sourceTree = "<group>"; };
		C4CA56D318A49316001B9B5B /* Reachability.h */ = {isa = PBXFileReference; fileEncoding = 4; lastKnownFileType = sourcecode.c.h; path = Reachability.h; sourceTree = "<group>"; };
		C4CA56D418A49316001B9B5B /* Reachability.m */ = {isa = PBXFileReference; fileEncoding = 4; lastKnownFileType = sourcecode.c.objc; path = Reachability.m; sourceTree = "<group>"; };
		C4CA56D718A499A3001B9B5B /* MobileCoreServices.framework */ = {isa = PBXFileReference; lastKnownFileType = wrapper.framework; name = MobileCoreServices.framework; path = System/Library/Frameworks/MobileCoreServices.framework; sourceTree = SDKROOT; };
		C4CA56D918A499B7001B9B5B /* libsqlite3.0.dylib */ = {isa = PBXFileReference; lastKnownFileType = "compiled.mach-o.dylib"; name = libsqlite3.0.dylib; path = usr/lib/libsqlite3.0.dylib; sourceTree = SDKROOT; };
		C4CA56DB18A499C0001B9B5B /* libz.1.1.3.dylib */ = {isa = PBXFileReference; lastKnownFileType = "compiled.mach-o.dylib"; name = libz.1.1.3.dylib; path = usr/lib/libz.1.1.3.dylib; sourceTree = SDKROOT; };
		C4CA56DD18A499CE001B9B5B /* Security.framework */ = {isa = PBXFileReference; lastKnownFileType = wrapper.framework; name = Security.framework; path = System/Library/Frameworks/Security.framework; sourceTree = SDKROOT; };
		C4CA56DF18A499E0001B9B5B /* ImageIO.framework */ = {isa = PBXFileReference; lastKnownFileType = wrapper.framework; name = ImageIO.framework; path = System/Library/Frameworks/ImageIO.framework; sourceTree = SDKROOT; };
/* End PBXFileReference section */

/* Begin PBXFrameworksBuildPhase section */
		C4AA046F18A4371D00E3AC64 /* Frameworks */ = {
			isa = PBXFrameworksBuildPhase;
			buildActionMask = 2147483647;
			files = (
				C4CA56E018A499E0001B9B5B /* ImageIO.framework in Frameworks */,
				C4CA56DE18A499CE001B9B5B /* Security.framework in Frameworks */,
				C4CA56DC18A499C0001B9B5B /* libz.1.1.3.dylib in Frameworks */,
				C4CA56DA18A499B7001B9B5B /* libsqlite3.0.dylib in Frameworks */,
				C4CA56D818A499A3001B9B5B /* MobileCoreServices.framework in Frameworks */,
				C4CA569D18A48CBC001B9B5B /* CFNetwork.framework in Frameworks */,
				C4AA047818A4371D00E3AC64 /* CoreGraphics.framework in Frameworks */,
				C4AA047A18A4371D00E3AC64 /* UIKit.framework in Frameworks */,
				C4AA047618A4371D00E3AC64 /* Foundation.framework in Frameworks */,
			);
			runOnlyForDeploymentPostprocessing = 0;
		};
		C4AA049318A4371D00E3AC64 /* Frameworks */ = {
			isa = PBXFrameworksBuildPhase;
			buildActionMask = 2147483647;
			files = (
				C4AA049818A4371D00E3AC64 /* XCTest.framework in Frameworks */,
				C4AA049A18A4371D00E3AC64 /* UIKit.framework in Frameworks */,
				C4AA049918A4371D00E3AC64 /* Foundation.framework in Frameworks */,
			);
			runOnlyForDeploymentPostprocessing = 0;
		};
/* End PBXFrameworksBuildPhase section */

/* Begin PBXGroup section */
		C4AA046918A4371D00E3AC64 = {
			isa = PBXGroup;
			children = (
				C4AA047B18A4371D00E3AC64 /* WestpacFeeder */,
				C4AA049D18A4371D00E3AC64 /* WestpacFeederTests */,
				C4AA047418A4371D00E3AC64 /* Frameworks */,
				C4AA047318A4371D00E3AC64 /* Products */,
			);
			sourceTree = "<group>";
		};
		C4AA047318A4371D00E3AC64 /* Products */ = {
			isa = PBXGroup;
			children = (
				C4AA047218A4371D00E3AC64 /* WestpacFeeder.app */,
				C4AA049618A4371D00E3AC64 /* WestpacFeederTests.xctest */,
			);
			name = Products;
			sourceTree = "<group>";
		};
		C4AA047418A4371D00E3AC64 /* Frameworks */ = {
			isa = PBXGroup;
			children = (
				C4CA56DF18A499E0001B9B5B /* ImageIO.framework */,
				C4CA56DD18A499CE001B9B5B /* Security.framework */,
				C4CA56DB18A499C0001B9B5B /* libz.1.1.3.dylib */,
				C4CA56D918A499B7001B9B5B /* libsqlite3.0.dylib */,
				C4CA56D718A499A3001B9B5B /* MobileCoreServices.framework */,
				C4CA56D218A49316001B9B5B /* Reachability */,
				C4CA56A818A48F44001B9B5B /* AFNetworking */,
				C4CA569C18A48CBC001B9B5B /* CFNetwork.framework */,
				C4AA047518A4371D00E3AC64 /* Foundation.framework */,
				C4AA047718A4371D00E3AC64 /* CoreGraphics.framework */,
				C4AA047918A4371D00E3AC64 /* UIKit.framework */,
				C4AA049718A4371D00E3AC64 /* XCTest.framework */,
			);
			name = Frameworks;
			sourceTree = "<group>";
		};
		C4AA047B18A4371D00E3AC64 /* WestpacFeeder */ = {
			isa = PBXGroup;
			children = (
				C4CA56A318A48E81001B9B5B /* Manager */,
				C4CA569E18A48CD6001B9B5B /* Model */,
				C4AA048418A4371D00E3AC64 /* DKAppDelegate.h */,
				C4AA048518A4371D00E3AC64 /* DKAppDelegate.m */,
				C4AA050018A4814200E3AC64 /* DKListViewController.h */,
				C4AA050118A4814200E3AC64 /* DKListViewController.m */,
				C4AA047C18A4371D00E3AC64 /* Supporting Files */,
			);
			path = WestpacFeeder;
			sourceTree = "<group>";
		};
		C4AA047C18A4371D00E3AC64 /* Supporting Files */ = {
			isa = PBXGroup;
			children = (
				C4CA569B18A48BCF001B9B5B /* DKConstants.h */,
				C4B93D8918A48A8C001288C0 /* MainWindow.xib */,
				C4AA047D18A4371D00E3AC64 /* WestpacFeeder-Info.plist */,
				C4AA047E18A4371D00E3AC64 /* InfoPlist.strings */,
				C4AA048118A4371D00E3AC64 /* main.m */,
				C4AA048318A4371D00E3AC64 /* WestpacFeeder-Prefix.pch */,
			);
			name = "Supporting Files";
			sourceTree = "<group>";
		};
		C4AA049D18A4371D00E3AC64 /* WestpacFeederTests */ = {
			isa = PBXGroup;
			children = (
				C4AA04A318A4371D00E3AC64 /* WestpacFeederTests.m */,
				C4AA049E18A4371D00E3AC64 /* Supporting Files */,
			);
			path = WestpacFeederTests;
			sourceTree = "<group>";
		};
		C4AA049E18A4371D00E3AC64 /* Supporting Files */ = {
			isa = PBXGroup;
			children = (
				C4AA049F18A4371D00E3AC64 /* WestpacFeederTests-Info.plist */,
				C4AA04A018A4371D00E3AC64 /* InfoPlist.strings */,
			);
			name = "Supporting Files";
			sourceTree = "<group>";
		};
		C4CA569E18A48CD6001B9B5B /* Model */ = {
			isa = PBXGroup;
			children = (
				C4CA569F18A48D22001B9B5B /* News.h */,
				C4CA56A018A48D22001B9B5B /* News.m */,
			);
			path = Model;
			sourceTree = SOURCE_ROOT;
		};
		C4CA56A318A48E81001B9B5B /* Manager */ = {
			isa = PBXGroup;
			children = (
				C4CA56A418A48E94001B9B5B /* DKAPIManager.h */,
				C4CA56A518A48E94001B9B5B /* DKAPIManager.m */,
				C4CA56CE18A490EE001B9B5B /* DKThumbnailDownloader.h */,
				C4CA56CF18A490EE001B9B5B /* DKThumbnailDownloader.m */,
			);
			path = Manager;
			sourceTree = SOURCE_ROOT;
		};
		C4CA56A818A48F44001B9B5B /* AFNetworking */ = {
			isa = PBXGroup;
			children = (
				C4CA56A918A48F44001B9B5B /* AFHTTPClient.h */,
				C4CA56AA18A48F44001B9B5B /* AFHTTPClient.m */,
				C4CA56AB18A48F44001B9B5B /* AFHTTPRequestOperation.h */,
				C4CA56AC18A48F44001B9B5B /* AFHTTPRequestOperation.m */,
				C4CA56AD18A48F44001B9B5B /* AFImageRequestOperation.h */,
				C4CA56AE18A48F44001B9B5B /* AFImageRequestOperation.m */,
				C4CA56AF18A48F44001B9B5B /* AFJSONRequestOperation.h */,
				C4CA56B018A48F44001B9B5B /* AFJSONRequestOperation.m */,
				C4CA56B118A48F44001B9B5B /* AFNetworkActivityIndicatorManager.h */,
				C4CA56B218A48F44001B9B5B /* AFNetworkActivityIndicatorManager.m */,
				C4CA56B318A48F44001B9B5B /* AFNetworking.h */,
				C4CA56B418A48F44001B9B5B /* AFPropertyListRequestOperation.h */,
				C4CA56B518A48F44001B9B5B /* AFPropertyListRequestOperation.m */,
				C4CA56B618A48F44001B9B5B /* AFURLConnectionOperation.h */,
				C4CA56B718A48F44001B9B5B /* AFURLConnectionOperation.m */,
				C4CA56B818A48F44001B9B5B /* AFXMLRequestOperation.h */,
				C4CA56B918A48F44001B9B5B /* AFXMLRequestOperation.m */,
				C4CA56BA18A48F44001B9B5B /* UIImageView+AFNetworking.h */,
				C4CA56BB18A48F44001B9B5B /* UIImageView+AFNetworking.m */,
			);
			name = AFNetworking;
			path = Libraries/AFNetworking;
			sourceTree = "<group>";
		};
		C4CA56D218A49316001B9B5B /* Reachability */ = {
			isa = PBXGroup;
			children = (
				C4CA56D318A49316001B9B5B /* Reachability.h */,
				C4CA56D418A49316001B9B5B /* Reachability.m */,
			);
			name = Reachability;
			path = Libraries/Reachability;
			sourceTree = "<group>";
		};
/* End PBXGroup section */

/* Begin PBXNativeTarget section */
		C4AA047118A4371D00E3AC64 /* WestpacFeeder */ = {
			isa = PBXNativeTarget;
			buildConfigurationList = C4AA04A718A4371D00E3AC64 /* Build configuration list for PBXNativeTarget "WestpacFeeder" */;
			buildPhases = (
				C4AA046E18A4371D00E3AC64 /* Sources */,
				C4AA046F18A4371D00E3AC64 /* Frameworks */,
				C4AA047018A4371D00E3AC64 /* Resources */,
			);
			buildRules = (
			);
			dependencies = (
			);
			name = WestpacFeeder;
			productName = WestpacFeeder;
			productReference = C4AA047218A4371D00E3AC64 /* WestpacFeeder.app */;
			productType = "com.apple.product-type.application";
		};
		C4AA049518A4371D00E3AC64 /* WestpacFeederTests */ = {
			isa = PBXNativeTarget;
			buildConfigurationList = C4AA04AA18A4371D00E3AC64 /* Build configuration list for PBXNativeTarget "WestpacFeederTests" */;
			buildPhases = (
				C4AA049218A4371D00E3AC64 /* Sources */,
				C4AA049318A4371D00E3AC64 /* Frameworks */,
				C4AA049418A4371D00E3AC64 /* Resources */,
			);
			buildRules = (
			);
			dependencies = (
				C4AA049C18A4371D00E3AC64 /* PBXTargetDependency */,
			);
			name = WestpacFeederTests;
			productName = WestpacFeederTests;
			productReference = C4AA049618A4371D00E3AC64 /* WestpacFeederTests.xctest */;
			productType = "com.apple.product-type.bundle.unit-test";
		};
/* End PBXNativeTarget section */

/* Begin PBXProject section */
		C4AA046A18A4371D00E3AC64 /* Project object */ = {
			isa = PBXProject;
			attributes = {
				CLASSPREFIX = DK;
				LastUpgradeCheck = 0500;
				ORGANIZATIONNAME = "Doron Katz";
				TargetAttributes = {
					C4AA049518A4371D00E3AC64 = {
						TestTargetID = C4AA047118A4371D00E3AC64;
					};
				};
			};
			buildConfigurationList = C4AA046D18A4371D00E3AC64 /* Build configuration list for PBXProject "WestpacFeeder" */;
			compatibilityVersion = "Xcode 3.2";
			developmentRegion = English;
			hasScannedForEncodings = 0;
			knownRegions = (
				en,
				Base,
			);
			mainGroup = C4AA046918A4371D00E3AC64;
			productRefGroup = C4AA047318A4371D00E3AC64 /* Products */;
			projectDirPath = "";
			projectRoot = "";
			targets = (
				C4AA047118A4371D00E3AC64 /* WestpacFeeder */,
				C4AA049518A4371D00E3AC64 /* WestpacFeederTests */,
			);
		};
/* End PBXProject section */

/* Begin PBXResourcesBuildPhase section */
		C4AA047018A4371D00E3AC64 /* Resources */ = {
			isa = PBXResourcesBuildPhase;
			buildActionMask = 2147483647;
			files = (
				C4B93D8A18A48A8C001288C0 /* MainWindow.xib in Resources */,
				C4AA048018A4371D00E3AC64 /* InfoPlist.strings in Resources */,
			);
			runOnlyForDeploymentPostprocessing = 0;
		};
		C4AA049418A4371D00E3AC64 /* Resources */ = {
			isa = PBXResourcesBuildPhase;
			buildActionMask = 2147483647;
			files = (
				C4B93D8B18A48A8C001288C0 /* MainWindow.xib in Resources */,
				C4AA04A218A4371D00E3AC64 /* InfoPlist.strings in Resources */,
			);
			runOnlyForDeploymentPostprocessing = 0;
		};
/* End PBXResourcesBuildPhase section */

/* Begin PBXSourcesBuildPhase section */
		C4AA046E18A4371D00E3AC64 /* Sources */ = {
			isa = PBXSourcesBuildPhase;
			buildActionMask = 2147483647;
			files = (
				C4CA56C818A48F44001B9B5B /* AFURLConnectionOperation.m in Sources */,
				C4CA56CC18A48F44001B9B5B /* UIImageView+AFNetworking.m in Sources */,
				C4CA56A118A48D22001B9B5B /* News.m in Sources */,
				C4CA56A618A48E94001B9B5B /* DKAPIManager.m in Sources */,
				C4CA56D018A490EE001B9B5B /* DKThumbnailDownloader.m in Sources */,
				C4CA56C618A48F44001B9B5B /* AFPropertyListRequestOperation.m in Sources */,
				C4AA048218A4371D00E3AC64 /* main.m in Sources */,
				C4CA56CA18A48F44001B9B5B /* AFXMLRequestOperation.m in Sources */,
				C4CA56C418A48F44001B9B5B /* AFNetworkActivityIndicatorManager.m in Sources */,
				C4CA56BE18A48F44001B9B5B /* AFHTTPRequestOperation.m in Sources */,
				C4AA048618A4371D00E3AC64 /* DKAppDelegate.m in Sources */,
				C4CA56C018A48F44001B9B5B /* AFImageRequestOperation.m in Sources */,
				C4CA56BC18A48F44001B9B5B /* AFHTTPClient.m in Sources */,
				C4CA56C218A48F44001B9B5B /* AFJSONRequestOperation.m in Sources */,
				C4AA050218A4814200E3AC64 /* DKListViewController.m in Sources */,
				C4CA56D518A49316001B9B5B /* Reachability.m in Sources */,
			);
			runOnlyForDeploymentPostprocessing = 0;
		};
		C4AA049218A4371D00E3AC64 /* Sources */ = {
			isa = PBXSourcesBuildPhase;
			buildActionMask = 2147483647;
			files = (
				C4CA56C118A48F44001B9B5B /* AFImageRequestOperation.m in Sources */,
				C4CA56A218A48D22001B9B5B /* News.m in Sources */,
				C4CA56D118A490EE001B9B5B /* DKThumbnailDownloader.m in Sources */,
				C4CA56C718A48F44001B9B5B /* AFPropertyListRequestOperation.m in Sources */,
				C4CA56A718A48E94001B9B5B /* DKAPIManager.m in Sources */,
				C4CA56C918A48F44001B9B5B /* AFURLConnectionOperation.m in Sources */,
				C4CA56CB18A48F44001B9B5B /* AFXMLRequestOperation.m in Sources */,
				C4CA56C318A48F44001B9B5B /* AFJSONRequestOperation.m in Sources */,
				C4CA56CD18A48F44001B9B5B /* UIImageView+AFNetworking.m in Sources */,
				C4CA56C518A48F44001B9B5B /* AFNetworkActivityIndicatorManager.m in Sources */,
				C4CA56D618A49316001B9B5B /* Reachability.m in Sources */,
				C4CA56BF18A48F44001B9B5B /* AFHTTPRequestOperation.m in Sources */,
				C4AA04A418A4371D00E3AC64 /* WestpacFeederTests.m in Sources */,
				C4CA56BD18A48F44001B9B5B /* AFHTTPClient.m in Sources */,
			);
			runOnlyForDeploymentPostprocessing = 0;
		};
/* End PBXSourcesBuildPhase section */

/* Begin PBXTargetDependency section */
		C4AA049C18A4371D00E3AC64 /* PBXTargetDependency */ = {
			isa = PBXTargetDependency;
			target = C4AA047118A4371D00E3AC64 /* WestpacFeeder */;
			targetProxy = C4AA049B18A4371D00E3AC64 /* PBXContainerItemProxy */;
		};
/* End PBXTargetDependency section */

/* Begin PBXVariantGroup section */
		C4AA047E18A4371D00E3AC64 /* InfoPlist.strings */ = {
			isa = PBXVariantGroup;
			children = (
				C4AA047F18A4371D00E3AC64 /* en */,
			);
			name = InfoPlist.strings;
			sourceTree = "<group>";
		};
		C4AA04A018A4371D00E3AC64 /* InfoPlist.strings */ = {
			isa = PBXVariantGroup;
			children = (
				C4AA04A118A4371D00E3AC64 /* en */,
			);
			name = InfoPlist.strings;
			sourceTree = "<group>";
		};
/* End PBXVariantGroup section */

/* Begin XCBuildConfiguration section */
		C4AA04A518A4371D00E3AC64 /* Debug */ = {
			isa = XCBuildConfiguration;
			buildSettings = {
				ALWAYS_SEARCH_USER_PATHS = NO;
				ARCHS = "$(ARCHS_STANDARD_INCLUDING_64_BIT)";
				CLANG_CXX_LANGUAGE_STANDARD = "gnu++0x";
				CLANG_CXX_LIBRARY = "libc++";
				CLANG_ENABLE_MODULES = YES;
				CLANG_ENABLE_OBJC_ARC = YES;
				CLANG_WARN_BOOL_CONVERSION = YES;
				CLANG_WARN_CONSTANT_CONVERSION = YES;
				CLANG_WARN_DIRECT_OBJC_ISA_USAGE = YES_ERROR;
				CLANG_WARN_EMPTY_BODY = YES;
				CLANG_WARN_ENUM_CONVERSION = YES;
				CLANG_WARN_INT_CONVERSION = YES;
				CLANG_WARN_OBJC_ROOT_CLASS = YES_ERROR;
				CLANG_WARN__DUPLICATE_METHOD_MATCH = YES;
				"CODE_SIGN_IDENTITY[sdk=iphoneos*]" = "iPhone Developer";
				COPY_PHASE_STRIP = NO;
				GCC_C_LANGUAGE_STANDARD = gnu99;
				GCC_DYNAMIC_NO_PIC = NO;
				GCC_OPTIMIZATION_LEVEL = 0;
				GCC_PREPROCESSOR_DEFINITIONS = (
					"DEBUG=1",
					"$(inherited)",
				);
				GCC_SYMBOLS_PRIVATE_EXTERN = NO;
				GCC_WARN_64_TO_32_BIT_CONVERSION = YES;
				GCC_WARN_ABOUT_RETURN_TYPE = YES_ERROR;
				GCC_WARN_UNDECLARED_SELECTOR = YES;
				GCC_WARN_UNINITIALIZED_AUTOS = YES;
				GCC_WARN_UNUSED_FUNCTION = YES;
				GCC_WARN_UNUSED_VARIABLE = YES;
				IPHONEOS_DEPLOYMENT_TARGET = 7.0;
				ONLY_ACTIVE_ARCH = YES;
				SDKROOT = iphoneos;
				TARGETED_DEVICE_FAMILY = "1,2";
			};
			name = Debug;
		};
		C4AA04A618A4371D00E3AC64 /* Release */ = {
			isa = XCBuildConfiguration;
			buildSettings = {
				ALWAYS_SEARCH_USER_PATHS = NO;
				ARCHS = "$(ARCHS_STANDARD_INCLUDING_64_BIT)";
				CLANG_CXX_LANGUAGE_STANDARD = "gnu++0x";
				CLANG_CXX_LIBRARY = "libc++";
				CLANG_ENABLE_MODULES = YES;
				CLANG_ENABLE_OBJC_ARC = YES;
				CLANG_WARN_BOOL_CONVERSION = YES;
				CLANG_WARN_CONSTANT_CONVERSION = YES;
				CLANG_WARN_DIRECT_OBJC_ISA_USAGE = YES_ERROR;
				CLANG_WARN_EMPTY_BODY = YES;
				CLANG_WARN_ENUM_CONVERSION = YES;
				CLANG_WARN_INT_CONVERSION = YES;
				CLANG_WARN_OBJC_ROOT_CLASS = YES_ERROR;
				CLANG_WARN__DUPLICATE_METHOD_MATCH = YES;
				"CODE_SIGN_IDENTITY[sdk=iphoneos*]" = "iPhone Developer";
				COPY_PHASE_STRIP = YES;
				ENABLE_NS_ASSERTIONS = NO;
				GCC_C_LANGUAGE_STANDARD = gnu99;
				GCC_WARN_64_TO_32_BIT_CONVERSION = YES;
				GCC_WARN_ABOUT_RETURN_TYPE = YES_ERROR;
				GCC_WARN_UNDECLARED_SELECTOR = YES;
				GCC_WARN_UNINITIALIZED_AUTOS = YES;
				GCC_WARN_UNUSED_FUNCTION = YES;
				GCC_WARN_UNUSED_VARIABLE = YES;
				IPHONEOS_DEPLOYMENT_TARGET = 7.0;
				SDKROOT = iphoneos;
				TARGETED_DEVICE_FAMILY = "1,2";
				VALIDATE_PRODUCT = YES;
			};
			name = Release;
		};
		C4AA04A818A4371D00E3AC64 /* Debug */ = {
			isa = XCBuildConfiguration;
			buildSettings = {
				ASSETCATALOG_COMPILER_APPICON_NAME = AppIcon;
				ASSETCATALOG_COMPILER_LAUNCHIMAGE_NAME = LaunchImage;
				CLANG_ENABLE_OBJC_ARC = NO;
				GCC_PRECOMPILE_PREFIX_HEADER = YES;
				GCC_PREFIX_HEADER = "WestpacFeeder/WestpacFeeder-Prefix.pch";
				INFOPLIST_FILE = "WestpacFeeder/WestpacFeeder-Info.plist";
				IPHONEOS_DEPLOYMENT_TARGET = 6.0;
				PRODUCT_NAME = "$(TARGET_NAME)";
				WRAPPER_EXTENSION = app;
			};
			name = Debug;
		};
		C4AA04A918A4371D00E3AC64 /* Release */ = {
			isa = XCBuildConfiguration;
			buildSettings = {
				ASSETCATALOG_COMPILER_APPICON_NAME = AppIcon;
				ASSETCATALOG_COMPILER_LAUNCHIMAGE_NAME = LaunchImage;
				CLANG_ENABLE_OBJC_ARC = NO;
				GCC_PRECOMPILE_PREFIX_HEADER = YES;
				GCC_PREFIX_HEADER = "WestpacFeeder/WestpacFeeder-Prefix.pch";
				INFOPLIST_FILE = "WestpacFeeder/WestpacFeeder-Info.plist";
				IPHONEOS_DEPLOYMENT_TARGET = 6.0;
				PRODUCT_NAME = "$(TARGET_NAME)";
				WRAPPER_EXTENSION = app;
			};
			name = Release;
		};
		C4AA04AB18A4371D00E3AC64 /* Debug */ = {
			isa = XCBuildConfiguration;
			buildSettings = {
				ARCHS = "$(ARCHS_STANDARD_INCLUDING_64_BIT)";
				BUNDLE_LOADER = "$(BUILT_PRODUCTS_DIR)/WestpacFeeder.app/WestpacFeeder";
				FRAMEWORK_SEARCH_PATHS = (
					"$(SDKROOT)/Developer/Library/Frameworks",
					"$(inherited)",
					"$(DEVELOPER_FRAMEWORKS_DIR)",
				);
				GCC_PRECOMPILE_PREFIX_HEADER = YES;
				GCC_PREFIX_HEADER = "WestpacFeeder/WestpacFeeder-Prefix.pch";
				GCC_PREPROCESSOR_DEFINITIONS = (
					"DEBUG=1",
					"$(inherited)",
				);
				INFOPLIST_FILE = "WestpacFeederTests/WestpacFeederTests-Info.plist";
				PRODUCT_NAME = "$(TARGET_NAME)";
				TEST_HOST = "$(BUNDLE_LOADER)";
				WRAPPER_EXTENSION = xctest;
			};
			name = Debug;
		};
		C4AA04AC18A4371D00E3AC64 /* Release */ = {
			isa = XCBuildConfiguration;
			buildSettings = {
				ARCHS = "$(ARCHS_STANDARD_INCLUDING_64_BIT)";
				BUNDLE_LOADER = "$(BUILT_PRODUCTS_DIR)/WestpacFeeder.app/WestpacFeeder";
				FRAMEWORK_SEARCH_PATHS = (
					"$(SDKROOT)/Developer/Library/Frameworks",
					"$(inherited)",
					"$(DEVELOPER_FRAMEWORKS_DIR)",
				);
				GCC_PRECOMPILE_PREFIX_HEADER = YES;
				GCC_PREFIX_HEADER = "WestpacFeeder/WestpacFeeder-Prefix.pch";
				INFOPLIST_FILE = "WestpacFeederTests/WestpacFeederTests-Info.plist";
				PRODUCT_NAME = "$(TARGET_NAME)";
				TEST_HOST = "$(BUNDLE_LOADER)";
				WRAPPER_EXTENSION = xctest;
			};
			name = Release;
		};
/* End XCBuildConfiguration section */

/* Begin XCConfigurationList section */
		C4AA046D18A4371D00E3AC64 /* Build configuration list for PBXProject "WestpacFeeder" */ = {
			isa = XCConfigurationList;
			buildConfigurations = (
				C4AA04A518A4371D00E3AC64 /* Debug */,
				C4AA04A618A4371D00E3AC64 /* Release */,
			);
			defaultConfigurationIsVisible = 0;
			defaultConfigurationName = Release;
		};
		C4AA04A718A4371D00E3AC64 /* Build configuration list for PBXNativeTarget "WestpacFeeder" */ = {
			isa = XCConfigurationList;
			buildConfigurations = (
				C4AA04A818A4371D00E3AC64 /* Debug */,
				C4AA04A918A4371D00E3AC64 /* Release */,
			);
			defaultConfigurationIsVisible = 0;
			defaultConfigurationName = Release;
		};
		C4AA04AA18A4371D00E3AC64 /* Build configuration list for PBXNativeTarget "WestpacFeederTests" */ = {
			isa = XCConfigurationList;
			buildConfigurations = (
				C4AA04AB18A4371D00E3AC64 /* Debug */,
				C4AA04AC18A4371D00E3AC64 /* Release */,
			);
			defaultConfigurationIsVisible = 0;
			defaultConfigurationName = Release;
		};
/* End XCConfigurationList section */
	};
	rootObject = C4AA046A18A4371D00E3AC64 /* Project object */;
}
